
Microsoft Visual Studio Solution File, Format Version 12.00
# Visual Studio Version 17
VisualStudioVersion = 17.4.33122.133
MinimumVisualStudioVersion = 10.0.40219.1
Project("{FAE04EC0-301F-11D3-BF4B-00C04F79EFBC}") = "FunctionClasses", "FunctionClasses\FunctionClasses.csproj", "{E1E7CC8A-525D-4426-8C9E-CF65C2446D3A}"
EndProject
Global
	GlobalSection(SolutionConfigurationPlatforms) = preSolution
		Debug|Any CPU = Debug|Any CPU
		Release|Any CPU = Release|Any CPU
	EndGlobalSection
	GlobalSection(ProjectConfigurationPlatforms) = postSolution
		{E1E7CC8A-525D-4426-8C9E-CF65C2446D3A}.Debug|Any CPU.ActiveCfg = Debug|Any CPU
		{E1E7CC8A-525D-4426-8C9E-CF65C2446D3A}.Debug|Any CPU.Build.0 = Debug|Any CPU
		{E1E7CC8A-525D-4426-8C9E-CF65C2446D3A}.Release|Any CPU.ActiveCfg = Release|Any CPU
		{E1E7CC8A-525D-4426-8C9E-CF65C2446D3A}.Release|Any CPU.Build.0 = Release|Any CPU
	EndGlobalSection
	GlobalSection(SolutionProperties) = preSolution
		HideSolutionNode = FALSE
	EndGlobalSection
	GlobalSection(ExtensibilityGlobals) = postSolution
		SolutionGuid = {81416D83-620E-4E79-B24A-253030C3294B}
	EndGlobalSection
EndGlobal
